
Microsoft Visual Studio Solution File, Format Version 12.00
# Visual Studio Version 16
VisualStudioVersion = 16.0.34601.136
MinimumVisualStudioVersion = 10.0.40219.1
Project("{888888A0-9F3D-457C-B088-3A5042F75D52}") = "AnimationSchool", "AnimationSchool\AnimationSchool.pyproj", "{F5348F51-4411-4D47-9813-C1B76636FB73}"
EndProject
Global
	GlobalSection(SolutionConfigurationPlatforms) = preSolution
		Debug|Any CPU = Debug|Any CPU
		Release|Any CPU = Release|Any CPU
	EndGlobalSection
	GlobalSection(ProjectConfigurationPlatforms) = postSolution
		{F5348F51-4411-4D47-9813-C1B76636FB73}.Debug|Any CPU.ActiveCfg = Debug|Any CPU
		{F5348F51-4411-4D47-9813-C1B76636FB73}.Debug|Any CPU.Build.0 = Debug|Any CPU
		{F5348F51-4411-4D47-9813-C1B76636FB73}.Release|Any CPU.ActiveCfg = Release|Any CPU
		{F5348F51-4411-4D47-9813-C1B76636FB73}.Release|Any CPU.Build.0 = Release|Any CPU
	EndGlobalSection
	GlobalSection(SolutionProperties) = preSolution
		HideSolutionNode = FALSE
	EndGlobalSection
	GlobalSection(ExtensibilityGlobals) = postSolution
		SolutionGuid = {14CD9A7F-9650-4ABC-94C7-63103003B2A9}
	EndGlobalSection
EndGlobal
